
Microsoft Visual Studio Solution File, Format Version 12.00
# Visual Studio 15
VisualStudioVersion = 15.0.28307.779
MinimumVisualStudioVersion = 10.0.40219.1
Project("{FAE04EC0-301F-11D3-BF4B-00C04F79EFBC}") = "CHUANGLING", "CHUANGLING\CHUANGLING.csproj", "{89107B76-E0A1-48BF-B911-FA1ABA71216B}"
EndProject
Project("{9A19103F-16F7-4668-BE54-9A1E7A4F7556}") = "CHUANLING_EEG", "CHUANLING_EEG\CHUANLING_EEG.csproj", "{F5A95330-F00A-4C61-BC9C-A594A530C7C2}"
EndProject
Project("{FAE04EC0-301F-11D3-BF4B-00C04F79EFBC}") = "CHUANLING_Chart", "CHUANLING_Chart\CHUANLING_Chart.csproj", "{56242384-9E27-4A53-A376-4B51B5D67DFE}"
EndProject
Project("{FAE04EC0-301F-11D3-BF4B-00C04F79EFBC}") = "CHUANLING_Data", "CHUANLING_Data\CHUANLING_Data.csproj", "{FC8D3164-81F2-4712-BE90-CBF3614C2982}"
EndProject
Project("{FAE04EC0-301F-11D3-BF4B-00C04F79EFBC}") = "CHUANLING_EEG_NET4", "CHUANLING_EEG_NET4\CHUANLING_EEG_NET4.csproj", "{5A5F6D42-7C6C-4323-95D0-B932EED88F51}"
EndProject
Project("{FAE04EC0-301F-11D3-BF4B-00C04F79EFBC}") = "RDUI", "G:\OneDrive\Work\WorkProject\RDUI\RDUI\RDUI.csproj", "{FB086F78-08D7-4D2D-9667-66FB2ADFB45B}"
EndProject
Global
	GlobalSection(SolutionConfigurationPlatforms) = preSolution
		Debug|Any CPU = Debug|Any CPU
		Release|Any CPU = Release|Any CPU
	EndGlobalSection
	GlobalSection(ProjectConfigurationPlatforms) = postSolution
		{89107B76-E0A1-48BF-B911-FA1ABA71216B}.Debug|Any CPU.ActiveCfg = Debug|Any CPU
		{89107B76-E0A1-48BF-B911-FA1ABA71216B}.Debug|Any CPU.Build.0 = Debug|Any CPU
		{89107B76-E0A1-48BF-B911-FA1ABA71216B}.Release|Any CPU.ActiveCfg = Release|Any CPU
		{89107B76-E0A1-48BF-B911-FA1ABA71216B}.Release|Any CPU.Build.0 = Release|Any CPU
		{F5A95330-F00A-4C61-BC9C-A594A530C7C2}.Debug|Any CPU.ActiveCfg = Debug|Any CPU
		{F5A95330-F00A-4C61-BC9C-A594A530C7C2}.Debug|Any CPU.Build.0 = Debug|Any CPU
		{F5A95330-F00A-4C61-BC9C-A594A530C7C2}.Release|Any CPU.ActiveCfg = Release|Any CPU
		{F5A95330-F00A-4C61-BC9C-A594A530C7C2}.Release|Any CPU.Build.0 = Release|Any CPU
		{56242384-9E27-4A53-A376-4B51B5D67DFE}.Debug|Any CPU.ActiveCfg = Debug|Any CPU
		{56242384-9E27-4A53-A376-4B51B5D67DFE}.Debug|Any CPU.Build.0 = Debug|Any CPU
		{56242384-9E27-4A53-A376-4B51B5D67DFE}.Release|Any CPU.ActiveCfg = Release|Any CPU
		{56242384-9E27-4A53-A376-4B51B5D67DFE}.Release|Any CPU.Build.0 = Release|Any CPU
		{FC8D3164-81F2-4712-BE90-CBF3614C2982}.Debug|Any CPU.ActiveCfg = Debug|Any CPU
		{FC8D3164-81F2-4712-BE90-CBF3614C2982}.Debug|Any CPU.Build.0 = Debug|Any CPU
		{FC8D3164-81F2-4712-BE90-CBF3614C2982}.Release|Any CPU.ActiveCfg = Release|Any CPU
		{FC8D3164-81F2-4712-BE90-CBF3614C2982}.Release|Any CPU.Build.0 = Release|Any CPU
		{5A5F6D42-7C6C-4323-95D0-B932EED88F51}.Debug|Any CPU.ActiveCfg = Debug|Any CPU
		{5A5F6D42-7C6C-4323-95D0-B932EED88F51}.Debug|Any CPU.Build.0 = Debug|Any CPU
		{5A5F6D42-7C6C-4323-95D0-B932EED88F51}.Release|Any CPU.ActiveCfg = Release|Any CPU
		{5A5F6D42-7C6C-4323-95D0-B932EED88F51}.Release|Any CPU.Build.0 = Release|Any CPU
		{FB086F78-08D7-4D2D-9667-66FB2ADFB45B}.Debug|Any CPU.ActiveCfg = Debug|Any CPU
		{FB086F78-08D7-4D2D-9667-66FB2ADFB45B}.Debug|Any CPU.Build.0 = Debug|Any CPU
		{FB086F78-08D7-4D2D-9667-66FB2ADFB45B}.Release|Any CPU.ActiveCfg = Release|Any CPU
		{FB086F78-08D7-4D2D-9667-66FB2ADFB45B}.Release|Any CPU.Build.0 = Release|Any CPU
	EndGlobalSection
	GlobalSection(SolutionProperties) = preSolution
		HideSolutionNode = FALSE
	EndGlobalSection
	GlobalSection(ExtensibilityGlobals) = postSolution
		SolutionGuid = {35ECB30A-0771-494F-BA80-11B88C3E785E}
	EndGlobalSection
EndGlobal
